
Microsoft Visual Studio Solution File, Format Version 12.00
# Visual Studio Version 17
VisualStudioVersion = 17.5.002.0
MinimumVisualStudioVersion = 10.0.40219.1
Project("{9A19103F-16F7-4668-BE54-9A1E7A4F7556}") = "Composicion", "Composicion.csproj", "{F8F697DD-1D02-4632-A0FD-32EF5CDBE06E}"
EndProject
Global
	GlobalSection(SolutionConfigurationPlatforms) = preSolution
		Debug|Any CPU = Debug|Any CPU
		Release|Any CPU = Release|Any CPU
	EndGlobalSection
	GlobalSection(ProjectConfigurationPlatforms) = postSolution
		{F8F697DD-1D02-4632-A0FD-32EF5CDBE06E}.Debug|Any CPU.ActiveCfg = Debug|Any CPU
		{F8F697DD-1D02-4632-A0FD-32EF5CDBE06E}.Debug|Any CPU.Build.0 = Debug|Any CPU
		{F8F697DD-1D02-4632-A0FD-32EF5CDBE06E}.Release|Any CPU.ActiveCfg = Release|Any CPU
		{F8F697DD-1D02-4632-A0FD-32EF5CDBE06E}.Release|Any CPU.Build.0 = Release|Any CPU
	EndGlobalSection
	GlobalSection(SolutionProperties) = preSolution
		HideSolutionNode = FALSE
	EndGlobalSection
	GlobalSection(ExtensibilityGlobals) = postSolution
		SolutionGuid = {11358E75-4A3B-4E79-A2C1-CE6A1EFA1594}
	EndGlobalSection
EndGlobal
